
Microsoft Visual Studio Solution File, Format Version 12.00
# Visual Studio Version 17
VisualStudioVersion = 17.10.35013.160
MinimumVisualStudioVersion = 10.0.40219.1
Project("{9A19103F-16F7-4668-BE54-9A1E7A4F7556}") = "Biblioteca", "Biblioteca\Biblioteca\Biblioteca.csproj", "{8ABF905D-7E36-413B-8A11-17A169B315F2}"
EndProject
Project("{9A19103F-16F7-4668-BE54-9A1E7A4F7556}") = "Biblioteca.Client", "Biblioteca\Biblioteca.Client\Biblioteca.Client.csproj", "{8E292CE6-F301-4548-B5D2-C42E58F07EAC}"
EndProject
Global
	GlobalSection(SolutionConfigurationPlatforms) = preSolution
		Debug|Any CPU = Debug|Any CPU
		Release|Any CPU = Release|Any CPU
	EndGlobalSection
	GlobalSection(ProjectConfigurationPlatforms) = postSolution
		{8ABF905D-7E36-413B-8A11-17A169B315F2}.Debug|Any CPU.ActiveCfg = Debug|Any CPU
		{8ABF905D-7E36-413B-8A11-17A169B315F2}.Debug|Any CPU.Build.0 = Debug|Any CPU
		{8ABF905D-7E36-413B-8A11-17A169B315F2}.Release|Any CPU.ActiveCfg = Release|Any CPU
		{8ABF905D-7E36-413B-8A11-17A169B315F2}.Release|Any CPU.Build.0 = Release|Any CPU
		{8E292CE6-F301-4548-B5D2-C42E58F07EAC}.Debug|Any CPU.ActiveCfg = Debug|Any CPU
		{8E292CE6-F301-4548-B5D2-C42E58F07EAC}.Debug|Any CPU.Build.0 = Debug|Any CPU
		{8E292CE6-F301-4548-B5D2-C42E58F07EAC}.Release|Any CPU.ActiveCfg = Release|Any CPU
		{8E292CE6-F301-4548-B5D2-C42E58F07EAC}.Release|Any CPU.Build.0 = Release|Any CPU
	EndGlobalSection
	GlobalSection(SolutionProperties) = preSolution
		HideSolutionNode = FALSE
	EndGlobalSection
	GlobalSection(ExtensibilityGlobals) = postSolution
		SolutionGuid = {D8D00A0E-6704-4059-86D9-E7F15147C3BB}
	EndGlobalSection
EndGlobal
